github.com/joho/godotenv v1.5.1 h1:7eLL/+HRGLY0ldzfGMeQkb7vMd0as4CfYvUVzLqw0N0=
github.com/joho/godotenv v1.5.1/go.mod h1:f4LDr5Voq0i2e/R5DDNOoa2zzDfwtkZa6DnEwAbqwq4=
github.com/lib/pq v1.10.9 h1:YXG7RB+JIjhP29X+OtkiDnYaXQwpS4JEWq7dtCCRUEw=
github.com/lib/pq v1.10.9/go.mod h1:AlVN5x4E4T544tWzH6hKfbfQvm3HdbOxrmggDNAPY9o=
github.com/nikumar1206/puff v0.0.0-20240811213106-bfbda11d89c7 h1:RmtlsRJtJ0WcSh+LqDfM0JpzZTx+botV3gMZzsmkAvQ=
github.com/nikumar1206/puff v0.0.0-20240811213106-bfbda11d89c7/go.mod h1:WZnQlkvpNCriuhLI5GUtr61yZT1LxTACG6UIeQJv5Rk=
github.com/tiredkangaroo/sculpt v0.0.5-0.20240808163202-ee03adf62c72 h1:eNtr3nO2UkPWeyWwPE4vmvUomVxQZ7LekqaDtOIvZOM=
github.com/tiredkangaroo/sculpt v0.0.5-0.20240808163202-ee03adf62c72/go.mod h1:XKSG4k4CfDcAwISON43wXN5B4znKf3A2a+EVrqFJCLo=
github.com/tiredkangaroo/sculpt v0.0.5-0.20240815181342-e90aed5aff28 h1:vuoS05NH7ZzY0Rf1OPHpsATDo3dvvfcM6ATeVNEm6/4=
github.com/tiredkangaroo/sculpt v0.0.5-0.20240815181342-e90aed5aff28/go.mod h1:XKSG4k4CfDcAwISON43wXN5B4znKf3A2a+EVrqFJCLo=
nhooyr.io/websocket v1.8.11 h1:f/qXNc2/3DpoSZkHt1DQu6rj4zGC8JmkkLkWss0MgN0=
nhooyr.io/websocket v1.8.11/go.mod h1:rN9OFWIUwuxg4fR5tELlYC04bXYowCP9GX47ivo2l+c=
